# THIS IS AN AUTOGENERATED FILE. DO NOT EDIT THIS FILE DIRECTLY.
# yarn lockfile v1


moment@^2.29.1:
  version "2.29.1"
  resolved "https://registry.yarnpkg.com/moment/-/moment-2.29.1.tgz#b2be769fa31940be9eeea6469c075e35006fa3d3"
  integrity sha512-kHmoybcPV8Sqy59DwNDY3Jefr64lK/by/da0ViFcuA4DH0vQg5Q6Ze5VimxkfQNSC+Mls/Kx53s7TjP1RhFEDQ==

simple-placeholder-replacer@^1.0.0:
  version "1.0.0"
  resolved "https://registry.yarnpkg.com/simple-placeholder-replacer/-/simple-placeholder-replacer-1.0.0.tgz#2714c0c9dea76d77c3072cb4a3dfe37ba15eba21"
  integrity sha512-8/vFbJWxSVq6YAWsIvZGgXOwMhMh+T6LqTFTe4bLJ36/86OmAabYEFY6Fu7RKkap+K7CqLwRBy6pBD/Rvk1c1Q==
  dependencies:
    moment "^2.29.1"
